
Microsoft Visual Studio Solution File, Format Version 12.00
# Visual Studio Version 17
VisualStudioVersion = 17.3.32929.385
MinimumVisualStudioVersion = 10.0.40219.1
Project("{FAE04EC0-301F-11D3-BF4B-00C04F79EFBC}") = "Calculator", "Calculator\Calculator.csproj", "{6463BDBE-577B-4A34-8A27-38551A8CCE20}"
EndProject
Project("{FAE04EC0-301F-11D3-BF4B-00C04F79EFBC}") = "Calculator.Tests", "Calculator.Tests\Calculator.Tests.csproj", "{E58F338A-922E-429F-9CB0-3986903D61DB}"
EndProject
Global
	GlobalSection(SolutionConfigurationPlatforms) = preSolution
		Debug|Any CPU = Debug|Any CPU
		Release|Any CPU = Release|Any CPU
	EndGlobalSection
	GlobalSection(ProjectConfigurationPlatforms) = postSolution
		{6463BDBE-577B-4A34-8A27-38551A8CCE20}.Debug|Any CPU.ActiveCfg = Debug|Any CPU
		{6463BDBE-577B-4A34-8A27-38551A8CCE20}.Debug|Any CPU.Build.0 = Debug|Any CPU
		{6463BDBE-577B-4A34-8A27-38551A8CCE20}.Release|Any CPU.ActiveCfg = Release|Any CPU
		{6463BDBE-577B-4A34-8A27-38551A8CCE20}.Release|Any CPU.Build.0 = Release|Any CPU
		{E58F338A-922E-429F-9CB0-3986903D61DB}.Debug|Any CPU.ActiveCfg = Debug|Any CPU
		{E58F338A-922E-429F-9CB0-3986903D61DB}.Debug|Any CPU.Build.0 = Debug|Any CPU
		{E58F338A-922E-429F-9CB0-3986903D61DB}.Release|Any CPU.ActiveCfg = Release|Any CPU
		{E58F338A-922E-429F-9CB0-3986903D61DB}.Release|Any CPU.Build.0 = Release|Any CPU
	EndGlobalSection
	GlobalSection(SolutionProperties) = preSolution
		HideSolutionNode = FALSE
	EndGlobalSection
	GlobalSection(ExtensibilityGlobals) = postSolution
		SolutionGuid = {5801C1C6-521B-424B-8A06-275FFA392355}
	EndGlobalSection
EndGlobal
